{
  "name": "cskillbp-prompt-over-code",
  "version": "1.0.0",
  "lockfileVersion": 3,
  "requires": true,
  "packages": {
    "": {
      "name": "cskillbp-prompt-over-code",
      "version": "1.0.0",
      "license": "ISC",
      "dependencies": {
        "usfm-js": "^3.4.3"
      }
    },
    "node_modules/lodash.clonedeep": {
      "version": "4.5.0",
      "resolved": "https://registry.npmjs.org/lodash.clonedeep/-/lodash.clonedeep-4.5.0.tgz",
      "integrity": "sha512-H5ZhCF25riFd9uB5UCkVKo61m3S/xZk1x4wA6yp/L3RFP6Z/eHH1ymQcGLo7J3GMPfm0V/7m1tryHuGVxpqEBQ=="
    },
    "node_modules/usfm-js": {
      "version": "3.4.3",
      "resolved": "https://registry.npmjs.org/usfm-js/-/usfm-js-3.4.3.tgz",
      "integrity": "sha512-c5d2dzmSnEfFSPfMXnnycIPwdw8ryBsb2r2CUEwiXpsUMm+gDmhFz5GGOufYP5rGGVwAssHdSM8oOkcaHz+Hwg==",
      "dependencies": {
        "lodash.clonedeep": "^4.5.0"
      }
    }
  }
}
